uuid: 3c1e3f93-defa-40fe-abc1-1e3fdd2df068
langcode: en
status: false
dependencies:
  config:
    - views.view.news
  module:
    - views
  theme:
    - su
id: su_views_block__news_news_block
theme: su
region: content
weight: -4
provider: null
plugin: 'views_block:news-news_block'
settings:
  id: 'views_block:news-news_block'
  label: ''
  provider: views
  label_display: '0'
  views_label: ''
  items_per_page: none
visibility: {  }
